{
    "_meta": {
        "hash": {
            "sha256": "62e4fb85f50276d5d3b7ee2edffec60703dd84c6d70a478c353fe94c67cc525d"
        },
        "pipfile-spec": 6,
        "requires": {
            "python_version": "3.8"
        },
        "sources": [
            {
                "name": "pypi",
                "url": "https://pypi.org/simple",
                "verify_ssl": true
            }
        ]
    },
    "default": {
        "aenum": {
            "hashes": [
                "sha256:81828d1fbe20b6b188d75b21a0fa936d7d929d839ef843ef385d9c2a97082864",
                "sha256:85adabd63183d283250bf7acd9fa23c7e45b1c8d1efbb84b233160f3c438dc18",
                "sha256:bcb4fd350d36af336b6b5898e5d89f76344621d9c1b2de69c81acf1d3e6b1145"
            ],
            "version": "==2.2.4"
        },
        "paho-mqtt": {
            "hashes": [
                "sha256:9feb068e822be7b3a116324e01fb6028eb1d66412bf98595ae72698965cb1cae"
            ],
            "index": "pypi",
            "version": "==1.5.1"
        },
        "python-can": {
            "hashes": [
                "sha256:2d3c223b7adc4dd46ce258d4a33b7e0dbb6c339e002faa40ee4a69d5fdce9449"
            ],
            "index": "pypi",
            "version": "==3.3.4"
        },
        "wrapt": {
            "hashes": [
                "sha256:b62ffa81fb85f4332a4f609cab4ac40709470da05643a082ec1eb88e6d9b97d7"
            ],
            "version": "==1.12.1"
        }
    },
    "develop": {}
}
